// !$*UTF8*$!
{
	archiveVersion = 1;
	classes = {
	};
	objectVersion = 50;
	objects = {

/* Begin PBXBuildFile section */
		4DAE925A21E81229007C230C /* AppDelegate.swift in Sources */ = {isa = PBXBuildFile; fileRef = 4DAE925921E81229007C230C /* AppDelegate.swift */; };
		4DAE925C21E81229007C230C /* ViewController.swift in Sources */ = {isa = PBXBuildFile; fileRef = 4DAE925B21E81229007C230C /* ViewController.swift */; };
		4DAE925F21E81229007C230C /* Main.storyboard in Resources */ = {isa = PBXBuildFile; fileRef = 4DAE925D21E81229007C230C /* Main.storyboard */; };
		4DAE926121E81229007C230C /* Assets.xcassets in Resources */ = {isa = PBXBuildFile; fileRef = 4DAE926021E81229007C230C /* Assets.xcassets */; };
		4DAE926421E81229007C230C /* LaunchScreen.storyboard in Resources */ = {isa = PBXBuildFile; fileRef = 4DAE926221E81229007C230C /* LaunchScreen.storyboard */; };
		4DAE926F21E8122A007C230C /* ArrayOfArraysTests.swift in Sources */ = {isa = PBXBuildFile; fileRef = 4DAE926E21E8122A007C230C /* ArrayOfArraysTests.swift */; };
/* End PBXBuildFile section */

/* Begin PBXContainerItemProxy section */
		4DAE926B21E8122A007C230C /* PBXContainerItemProxy */ = {
			isa = PBXContainerItemProxy;
			containerPortal = 4DAE924E21E81229007C230C /* Project object */;
			proxyType = 1;
			remoteGlobalIDString = 4DAE925521E81229007C230C;
			remoteInfo = ArrayOfArrays;
		};
/* End PBXContainerItemProxy section */

/* Begin PBXFileReference section */
		4DAE925621E81229007C230C /* ArrayOfArrays.app */ = {isa = PBXFileReference; explicitFileType = wrapper.application; includeInIndex = 0; path = ArrayOfArrays.app; sourceTree = BUILT_PRODUCTS_DIR; };
		4DAE925921E81229007C230C /* AppDelegate.swift */ = {isa = PBXFileReference; lastKnownFileType = sourcecode.swift; path = AppDelegate.swift; sourceTree = "<group>"; };
		4DAE925B21E81229007C230C /* ViewController.swift */ = {isa = PBXFileReference; lastKnownFileType = sourcecode.swift; path = ViewController.swift; sourceTree = "<group>"; };
		4DAE925E21E81229007C230C /* Base */ = {isa = PBXFileReference; lastKnownFileType = file.storyboard; name = Base; path = Base.lproj/Main.storyboard; sourceTree = "<group>"; };
		4DAE926021E81229007C230C /* Assets.xcassets */ = {isa = PBXFileReference; lastKnownFileType = folder.assetcatalog; path = Assets.xcassets; sourceTree = "<group>"; };
		4DAE926321E81229007C230C /* Base */ = {isa = PBXFileReference; lastKnownFileType = file.storyboard; name = Base; path = Base.lproj/LaunchScreen.storyboard; sourceTree = "<group>"; };
		4DAE926521E81229007C230C /* Info.plist */ = {isa = PBXFileReference; lastKnownFileType = text.plist.xml; path = Info.plist; sourceTree = "<group>"; };
		4DAE926A21E8122A007C230C /* ArrayOfArraysTests.xctest */ = {isa = PBXFileReference; explicitFileType = wrapper.cfbundle; includeInIndex = 0; path = ArrayOfArraysTests.xctest; sourceTree = BUILT_PRODUCTS_DIR; };
		4DAE926E21E8122A007C230C /* ArrayOfArraysTests.swift */ = {isa = PBXFileReference; lastKnownFileType = sourcecode.swift; path = ArrayOfArraysTests.swift; sourceTree = "<group>"; };
		4DAE927021E8122A007C230C /* Info.plist */ = {isa = PBXFileReference; lastKnownFileType = text.plist.xml; path = Info.plist; sourceTree = "<group>"; };
/* End PBXFileReference section */

/* Begin PBXFrameworksBuildPhase section */
		4DAE925321E81229007C230C /* Frameworks */ = {
			isa = PBXFrameworksBuildPhase;
			buildActionMask = 2147483647;
			files = (
			);
			runOnlyForDeploymentPostprocessing = 0;
		};
		4DAE926721E8122A007C230C /* Frameworks */ = {
			isa = PBXFrameworksBuildPhase;
			buildActionMask = 2147483647;
			files = (
			);
			runOnlyForDeploymentPostprocessing = 0;
		};
/* End PBXFrameworksBuildPhase section */

/* Begin PBXGroup section */
		4DAE924D21E81229007C230C = {
			isa = PBXGroup;
			children = (
				4DAE925821E81229007C230C /* ArrayOfArrays */,
				4DAE926D21E8122A007C230C /* ArrayOfArraysTests */,
				4DAE925721E81229007C230C /* Products */,
			);
			sourceTree = "<group>";
		};
		4DAE925721E81229007C230C /* Products */ = {
			isa = PBXGroup;
			children = (
				4DAE925621E81229007C230C /* ArrayOfArrays.app */,
				4DAE926A21E8122A007C230C /* ArrayOfArraysTests.xctest */,
			);
			name = Products;
			sourceTree = "<group>";
		};
		4DAE925821E81229007C230C /* ArrayOfArrays */ = {
			isa = PBXGroup;
			children = (
				4DAE925921E81229007C230C /* AppDelegate.swift */,
				4DAE925B21E81229007C230C /* ViewController.swift */,
				4DAE925D21E81229007C230C /* Main.storyboard */,
				4DAE926021E81229007C230C /* Assets.xcassets */,
				4DAE926221E81229007C230C /* LaunchScreen.storyboard */,
				4DAE926521E81229007C230C /* Info.plist */,
			);
			path = ArrayOfArrays;
			sourceTree = "<group>";
		};
		4DAE926D21E8122A007C230C /* ArrayOfArraysTests */ = {
			isa = PBXGroup;
			children = (
				4DAE926E21E8122A007C230C /* ArrayOfArraysTests.swift */,
				4DAE927021E8122A007C230C /* Info.plist */,
			);
			path = ArrayOfArraysTests;
			sourceTree = "<group>";
		};
/* End PBXGroup section */

/* Begin PBXNativeTarget section */
		4DAE925521E81229007C230C /* ArrayOfArrays */ = {
			isa = PBXNativeTarget;
			buildConfigurationList = 4DAE927321E8122A007C230C /* Build configuration list for PBXNativeTarget "ArrayOfArrays" */;
			buildPhases = (
				4DAE925221E81229007C230C /* Sources */,
				4DAE925321E81229007C230C /* Frameworks */,
				4DAE925421E81229007C230C /* Resources */,
			);
			buildRules = (
			);
			dependencies = (
			);
			name = ArrayOfArrays;
			productName = ArrayOfArrays;
			productReference = 4DAE925621E81229007C230C /* ArrayOfArrays.app */;
			productType = "com.apple.product-type.application";
		};
		4DAE926921E8122A007C230C /* ArrayOfArraysTests */ = {
			isa = PBXNativeTarget;
			buildConfigurationList = 4DAE927621E8122A007C230C /* Build configuration list for PBXNativeTarget "ArrayOfArraysTests" */;
			buildPhases = (
				4DAE926621E8122A007C230C /* Sources */,
				4DAE926721E8122A007C230C /* Frameworks */,
				4DAE926821E8122A007C230C /* Resources */,
			);
			buildRules = (
			);
			dependencies = (
				4DAE926C21E8122A007C230C /* PBXTargetDependency */,
			);
			name = ArrayOfArraysTests;
			productName = ArrayOfArraysTests;
			productReference = 4DAE926A21E8122A007C230C /* ArrayOfArraysTests.xctest */;
			productType = "com.apple.product-type.bundle.unit-test";
		};
/* End PBXNativeTarget section */

/* Begin PBXProject section */
		4DAE924E21E81229007C230C /* Project object */ = {
			isa = PBXProject;
			attributes = {
				LastSwiftUpdateCheck = 1010;
				LastUpgradeCheck = 1010;
				ORGANIZATIONNAME = "New York University School of Professional Studies";
				TargetAttributes = {
					4DAE925521E81229007C230C = {
						CreatedOnToolsVersion = 10.1;
					};
					4DAE926921E8122A007C230C = {
						CreatedOnToolsVersion = 10.1;
						TestTargetID = 4DAE925521E81229007C230C;
					};
				};
			};
			buildConfigurationList = 4DAE925121E81229007C230C /* Build configuration list for PBXProject "ArrayOfArrays" */;
			compatibilityVersion = "Xcode 9.3";
			developmentRegion = en;
			hasScannedForEncodings = 0;
			knownRegions = (
				en,
				Base,
			);
			mainGroup = 4DAE924D21E81229007C230C;
			productRefGroup = 4DAE925721E81229007C230C /* Products */;
			projectDirPath = "";
			projectRoot = "";
			targets = (
				4DAE925521E81229007C230C /* ArrayOfArrays */,
				4DAE926921E8122A007C230C /* ArrayOfArraysTests */,
			);
		};
/* End PBXProject section */

/* Begin PBXResourcesBuildPhase section */
		4DAE925421E81229007C230C /* Resources */ = {
			isa = PBXResourcesBuildPhase;
			buildActionMask = 2147483647;
			files = (
				4DAE926421E81229007C230C /* LaunchScreen.storyboard in Resources */,
				4DAE926121E81229007C230C /* Assets.xcassets in Resources */,
				4DAE925F21E81229007C230C /* Main.storyboard in Resources */,
			);
			runOnlyForDeploymentPostprocessing = 0;
		};
		4DAE926821E8122A007C230C /* Resources */ = {
			isa = PBXResourcesBuildPhase;
			buildActionMask = 2147483647;
			files = (
			);
			runOnlyForDeploymentPostprocessing = 0;
		};
/* End PBXResourcesBuildPhase section */

/* Begin PBXSourcesBuildPhase section */
		4DAE925221E81229007C230C /* Sources */ = {
			isa = PBXSourcesBuildPhase;
			buildActionMask = 2147483647;
			files = (
				4DAE925C21E81229007C230C /* ViewController.swift in Sources */,
				4DAE925A21E81229007C230C /* AppDelegate.swift in Sources */,
			);
			runOnlyForDeploymentPostprocessing = 0;
		};
		4DAE926621E8122A007C230C /* Sources */ = {
			isa = PBXSourcesBuildPhase;
			buildActionMask = 2147483647;
			files = (
				4DAE926F21E8122A007C230C /* ArrayOfArraysTests.swift in Sources */,
			);
			runOnlyForDeploymentPostprocessing = 0;
		};
/* End PBXSourcesBuildPhase section */

/* Begin PBXTargetDependency section */
		4DAE926C21E8122A007C230C /* PBXTargetDependency */ = {
			isa = PBXTargetDependency;
			target = 4DAE925521E81229007C230C /* ArrayOfArrays */;
			targetProxy = 4DAE926B21E8122A007C230C /* PBXContainerItemProxy */;
		};
/* End PBXTargetDependency section */

/* Begin PBXVariantGroup section */
		4DAE925D21E81229007C230C /* Main.storyboard */ = {
			isa = PBXVariantGroup;
			children = (
				4DAE925E21E81229007C230C /* Base */,
			);
			name = Main.storyboard;
			sourceTree = "<group>";
		};
		4DAE926221E81229007C230C /* LaunchScreen.storyboard */ = {
			isa = PBXVariantGroup;
			children = (
				4DAE926321E81229007C230C /* Base */,
			);
			name = LaunchScreen.storyboard;
			sourceTree = "<group>";
		};
/* End PBXVariantGroup section */

/* Begin XCBuildConfiguration section */
		4DAE927121E8122A007C230C /* Debug */ = {
			isa = XCBuildConfiguration;
			buildSettings = {
				ALWAYS_SEARCH_USER_PATHS = NO;
				CLANG_ANALYZER_NONNULL = YES;
				CLANG_ANALYZER_NUMBER_OBJECT_CONVERSION = YES_AGGRESSIVE;
				CLANG_CXX_LANGUAGE_STANDARD = "gnu++14";
				CLANG_CXX_LIBRARY = "libc++";
				CLANG_ENABLE_MODULES = YES;
				CLANG_ENABLE_OBJC_ARC = YES;
				CLANG_ENABLE_OBJC_WEAK = YES;
				CLANG_WARN_BLOCK_CAPTURE_AUTORELEASING = YES;
				CLANG_WARN_BOOL_CONVERSION = YES;
				CLANG_WARN_COMMA = YES;
				CLANG_WARN_CONSTANT_CONVERSION = YES;
				CLANG_WARN_DEPRECATED_OBJC_IMPLEMENTATIONS = YES;
				CLANG_WARN_DIRECT_OBJC_ISA_USAGE = YES_ERROR;
				CLANG_WARN_DOCUMENTATION_COMMENTS = YES;
				CLANG_WARN_EMPTY_BODY = YES;
				CLANG_WARN_ENUM_CONVERSION = YES;
				CLANG_WARN_INFINITE_RECURSION = YES;
				CLANG_WARN_INT_CONVERSION = YES;
				CLANG_WARN_NON_LITERAL_NULL_CONVERSION = YES;
				CLANG_WARN_OBJC_IMPLICIT_RETAIN_SELF = YES;
				CLANG_WARN_OBJC_LITERAL_CONVERSION = YES;
				CLANG_WARN_OBJC_ROOT_CLASS = YES_ERROR;
				CLANG_WARN_RANGE_LOOP_ANALYSIS = YES;
				CLANG_WARN_STRICT_PROTOTYPES = YES;
				CLANG_WARN_SUSPICIOUS_MOVE = YES;
				CLANG_WARN_UNGUARDED_AVAILABILITY = YES_AGGRESSIVE;
				CLANG_WARN_UNREACHABLE_CODE = YES;
				CLANG_WARN__DUPLICATE_METHOD_MATCH = YES;
				CODE_SIGN_IDENTITY = "iPhone Developer";
				COPY_PHASE_STRIP = NO;
				DEBUG_INFORMATION_FORMAT = dwarf;
				ENABLE_STRICT_OBJC_MSGSEND = YES;
				ENABLE_TESTABILITY = YES;
				GCC_C_LANGUAGE_STANDARD = gnu11;
				GCC_DYNAMIC_NO_PIC = NO;
				GCC_NO_COMMON_BLOCKS = YES;
				GCC_OPTIMIZATION_LEVEL = 0;
				GCC_PREPROCESSOR_DEFINITIONS = (
					"DEBUG=1",
					"$(inherited)",
				);
				GCC_WARN_64_TO_32_BIT_CONVERSION = YES;
				GCC_WARN_ABOUT_RETURN_TYPE = YES_ERROR;
				GCC_WARN_UNDECLARED_SELECTOR = YES;
				GCC_WARN_UNINITIALIZED_AUTOS = YES_AGGRESSIVE;
				GCC_WARN_UNUSED_FUNCTION = YES;
				GCC_WARN_UNUSED_VARIABLE = YES;
				IPHONEOS_DEPLOYMENT_TARGET = 12.1;
				MTL_ENABLE_DEBUG_INFO = INCLUDE_SOURCE;
				MTL_FAST_MATH = YES;
				ONLY_ACTIVE_ARCH = YES;
				SDKROOT = iphoneos;
				SWIFT_ACTIVE_COMPILATION_CONDITIONS = DEBUG;
				SWIFT_OPTIMIZATION_LEVEL = "-Onone";
			};
			name = Debug;
		};
		4DAE927221E8122A007C230C /* Release */ = {
			isa = XCBuildConfiguration;
			buildSettings = {
				ALWAYS_SEARCH_USER_PATHS = NO;
				CLANG_ANALYZER_NONNULL = YES;
				CLANG_ANALYZER_NUMBER_OBJECT_CONVERSION = YES_AGGRESSIVE;
				CLANG_CXX_LANGUAGE_STANDARD = "gnu++14";
				CLANG_CXX_LIBRARY = "libc++";
				CLANG_ENABLE_MODULES = YES;
				CLANG_ENABLE_OBJC_ARC = YES;
				CLANG_ENABLE_OBJC_WEAK = YES;
				CLANG_WARN_BLOCK_CAPTURE_AUTORELEASING = YES;
				CLANG_WARN_BOOL_CONVERSION = YES;
				CLANG_WARN_COMMA = YES;
				CLANG_WARN_CONSTANT_CONVERSION = YES;
				CLANG_WARN_DEPRECATED_OBJC_IMPLEMENTATIONS = YES;
				CLANG_WARN_DIRECT_OBJC_ISA_USAGE = YES_ERROR;
				CLANG_WARN_DOCUMENTATION_COMMENTS = YES;
				CLANG_WARN_EMPTY_BODY = YES;
				CLANG_WARN_ENUM_CONVERSION = YES;
				CLANG_WARN_INFINITE_RECURSION = YES;
				CLANG_WARN_INT_CONVERSION = YES;
				CLANG_WARN_NON_LITERAL_NULL_CONVERSION = YES;
				CLANG_WARN_OBJC_IMPLICIT_RETAIN_SELF = YES;
				CLANG_WARN_OBJC_LITERAL_CONVERSION = YES;
				CLANG_WARN_OBJC_ROOT_CLASS = YES_ERROR;
				CLANG_WARN_RANGE_LOOP_ANALYSIS = YES;
				CLANG_WARN_STRICT_PROTOTYPES = YES;
				CLANG_WARN_SUSPICIOUS_MOVE = YES;
				CLANG_WARN_UNGUARDED_AVAILABILITY = YES_AGGRESSIVE;
				CLANG_WARN_UNREACHABLE_CODE = YES;
				CLANG_WARN__DUPLICATE_METHOD_MATCH = YES;
				CODE_SIGN_IDENTITY = "iPhone Developer";
				COPY_PHASE_STRIP = NO;
				DEBUG_INFORMATION_FORMAT = "dwarf-with-dsym";
				ENABLE_NS_ASSERTIONS = NO;
				ENABLE_STRICT_OBJC_MSGSEND = YES;
				GCC_C_LANGUAGE_STANDARD = gnu11;
				GCC_NO_COMMON_BLOCKS = YES;
				GCC_WARN_64_TO_32_BIT_CONVERSION = YES;
				GCC_WARN_ABOUT_RETURN_TYPE = YES_ERROR;
				GCC_WARN_UNDECLARED_SELECTOR = YES;
				GCC_WARN_UNINITIALIZED_AUTOS = YES_AGGRESSIVE;
				GCC_WARN_UNUSED_FUNCTION = YES;
				GCC_WARN_UNUSED_VARIABLE = YES;
				IPHONEOS_DEPLOYMENT_TARGET = 12.1;
				MTL_ENABLE_DEBUG_INFO = NO;
				MTL_FAST_MATH = YES;
				SDKROOT = iphoneos;
				SWIFT_COMPILATION_MODE = wholemodule;
				SWIFT_OPTIMIZATION_LEVEL = "-O";
				VALIDATE_PRODUCT = YES;
			};
			name = Release;
		};
		4DAE927421E8122A007C230C /* Debug */ = {
			isa = XCBuildConfiguration;
			buildSettings = {
				ASSETCATALOG_COMPILER_APPICON_NAME = AppIcon;
				CODE_SIGN_STYLE = Automatic;
				DEVELOPMENT_TEAM = L7QFUUQJZ7;
				INFOPLIST_FILE = ArrayOfArrays/Info.plist;
				LD_RUNPATH_SEARCH_PATHS = (
					"$(inherited)",
					"@executable_path/Frameworks",
				);
				PRODUCT_BUNDLE_IDENTIFIER = edu.nyu.sps.ArrayOfArrays;
				PRODUCT_NAME = "$(TARGET_NAME)";
				SWIFT_VERSION = 4.2;
				TARGETED_DEVICE_FAMILY = "1,2";
			};
			name = Debug;
		};
		4DAE927521E8122A007C230C /* Release */ = {
			isa = XCBuildConfiguration;
			buildSettings = {
				ASSETCATALOG_COMPILER_APPICON_NAME = AppIcon;
				CODE_SIGN_STYLE = Automatic;
				DEVELOPMENT_TEAM = L7QFUUQJZ7;
				INFOPLIST_FILE = ArrayOfArrays/Info.plist;
				LD_RUNPATH_SEARCH_PATHS = (
					"$(inherited)",
					"@executable_path/Frameworks",
				);
				PRODUCT_BUNDLE_IDENTIFIER = edu.nyu.sps.ArrayOfArrays;
				PRODUCT_NAME = "$(TARGET_NAME)";
				SWIFT_VERSION = 4.2;
				TARGETED_DEVICE_FAMILY = "1,2";
			};
			name = Release;
		};
		4DAE927721E8122A007C230C /* Debug */ = {
			isa = XCBuildConfiguration;
			buildSettings = {
				ALWAYS_EMBED_SWIFT_STANDARD_LIBRARIES = YES;
				BUNDLE_LOADER = "$(TEST_HOST)";
				CODE_SIGN_STYLE = Automatic;
				DEVELOPMENT_TEAM = L7QFUUQJZ7;
				INFOPLIST_FILE = ArrayOfArraysTests/Info.plist;
				LD_RUNPATH_SEARCH_PATHS = (
					"$(inherited)",
					"@executable_path/Frameworks",
					"@loader_path/Frameworks",
				);
				PRODUCT_BUNDLE_IDENTIFIER = edu.nyu.sps.ArrayOfArraysTests;
				PRODUCT_NAME = "$(TARGET_NAME)";
				SWIFT_VERSION = 4.2;
				TARGETED_DEVICE_FAMILY = "1,2";
				TEST_HOST = "$(BUILT_PRODUCTS_DIR)/ArrayOfArrays.app/ArrayOfArrays";
			};
			name = Debug;
		};
		4DAE927821E8122A007C230C /* Release */ = {
			isa = XCBuildConfiguration;
			buildSettings = {
				ALWAYS_EMBED_SWIFT_STANDARD_LIBRARIES = YES;
				BUNDLE_LOADER = "$(TEST_HOST)";
				CODE_SIGN_STYLE = Automatic;
				DEVELOPMENT_TEAM = L7QFUUQJZ7;
				INFOPLIST_FILE = ArrayOfArraysTests/Info.plist;
				LD_RUNPATH_SEARCH_PATHS = (
					"$(inherited)",
					"@executable_path/Frameworks",
					"@loader_path/Frameworks",
				);
				PRODUCT_BUNDLE_IDENTIFIER = edu.nyu.sps.ArrayOfArraysTests;
				PRODUCT_NAME = "$(TARGET_NAME)";
				SWIFT_VERSION = 4.2;
				TARGETED_DEVICE_FAMILY = "1,2";
				TEST_HOST = "$(BUILT_PRODUCTS_DIR)/ArrayOfArrays.app/ArrayOfArrays";
			};
			name = Release;
		};
/* End XCBuildConfiguration section */

/* Begin XCConfigurationList section */
		4DAE925121E81229007C230C /* Build configuration list for PBXProject "ArrayOfArrays" */ = {
			isa = XCConfigurationList;
			buildConfigurations = (
				4DAE927121E8122A007C230C /* Debug */,
				4DAE927221E8122A007C230C /* Release */,
			);
			defaultConfigurationIsVisible = 0;
			defaultConfigurationName = Release;
		};
		4DAE927321E8122A007C230C /* Build configuration list for PBXNativeTarget "ArrayOfArrays" */ = {
			isa = XCConfigurationList;
			buildConfigurations = (
				4DAE927421E8122A007C230C /* Debug */,
				4DAE927521E8122A007C230C /* Release */,
			);
			defaultConfigurationIsVisible = 0;
			defaultConfigurationName = Release;
		};
		4DAE927621E8122A007C230C /* Build configuration list for PBXNativeTarget "ArrayOfArraysTests" */ = {
			isa = XCConfigurationList;
			buildConfigurations = (
				4DAE927721E8122A007C230C /* Debug */,
				4DAE927821E8122A007C230C /* Release */,
			);
			defaultConfigurationIsVisible = 0;
			defaultConfigurationName = Release;
		};
/* End XCConfigurationList section */
	};
	rootObject = 4DAE924E21E81229007C230C /* Project object */;
}
